
Microsoft Visual Studio Solution File, Format Version 12.00
# Visual Studio 15
VisualStudioVersion = 15.0.28307.489
MinimumVisualStudioVersion = 10.0.40219.1
Project("{FAE04EC0-301F-11D3-BF4B-00C04F79EFBC}") = "LightTrail", "LightTrail\LightTrail.csproj", "{544DF725-A798-46EF-81FD-F29944C6825E}"
EndProject
Global
	GlobalSection(SolutionConfigurationPlatforms) = preSolution
		Debug|Any CPU = Debug|Any CPU
		Release|Any CPU = Release|Any CPU
	EndGlobalSection
	GlobalSection(ProjectConfigurationPlatforms) = postSolution
		{544DF725-A798-46EF-81FD-F29944C6825E}.Debug|Any CPU.ActiveCfg = Debug|Any CPU
		{544DF725-A798-46EF-81FD-F29944C6825E}.Debug|Any CPU.Build.0 = Debug|Any CPU
		{544DF725-A798-46EF-81FD-F29944C6825E}.Release|Any CPU.ActiveCfg = Release|Any CPU
		{544DF725-A798-46EF-81FD-F29944C6825E}.Release|Any CPU.Build.0 = Release|Any CPU
	EndGlobalSection
	GlobalSection(SolutionProperties) = preSolution
		HideSolutionNode = FALSE
	EndGlobalSection
	GlobalSection(ExtensibilityGlobals) = postSolution
		SolutionGuid = {0A759B60-CEF8-4E0E-8551-BBB89FE84A65}
	EndGlobalSection
EndGlobal
